
Microsoft Visual Studio Solution File, Format Version 12.00
# Visual Studio Version 17
VisualStudioVersion = 17.9.34728.123
MinimumVisualStudioVersion = 10.0.40219.1
Project("{9A19103F-16F7-4668-BE54-9A1E7A4F7556}") = "Api", "MoneySystemServer\Api.csproj", "{288FFAC8-1633-41EA-B842-83D1C90AD8D8}"
EndProject
Project("{9A19103F-16F7-4668-BE54-9A1E7A4F7556}") = "Logic", "Logic\Logic.csproj", "{04A7C47F-54D5-47CC-9224-3163FD007BE6}"
EndProject
Global
	GlobalSection(SolutionConfigurationPlatforms) = preSolution
		Debug|Any CPU = Debug|Any CPU
		Release|Any CPU = Release|Any CPU
	EndGlobalSection
	GlobalSection(ProjectConfigurationPlatforms) = postSolution
		{288FFAC8-1633-41EA-B842-83D1C90AD8D8}.Debug|Any CPU.ActiveCfg = Debug|Any CPU
		{288FFAC8-1633-41EA-B842-83D1C90AD8D8}.Debug|Any CPU.Build.0 = Debug|Any CPU
		{288FFAC8-1633-41EA-B842-83D1C90AD8D8}.Release|Any CPU.ActiveCfg = Release|Any CPU
		{288FFAC8-1633-41EA-B842-83D1C90AD8D8}.Release|Any CPU.Build.0 = Release|Any CPU
		{04A7C47F-54D5-47CC-9224-3163FD007BE6}.Debug|Any CPU.ActiveCfg = Debug|Any CPU
		{04A7C47F-54D5-47CC-9224-3163FD007BE6}.Debug|Any CPU.Build.0 = Debug|Any CPU
		{04A7C47F-54D5-47CC-9224-3163FD007BE6}.Release|Any CPU.ActiveCfg = Release|Any CPU
		{04A7C47F-54D5-47CC-9224-3163FD007BE6}.Release|Any CPU.Build.0 = Release|Any CPU
	EndGlobalSection
	GlobalSection(SolutionProperties) = preSolution
		HideSolutionNode = FALSE
	EndGlobalSection
	GlobalSection(ExtensibilityGlobals) = postSolution
		SolutionGuid = {303ECA00-02DA-4B5A-9DA8-6CAFDCB61E06}
	EndGlobalSection
EndGlobal
